{
  "lockfileVersion": 1,
  "configVersion": 1,
  "workspaces": {
    "": {
      "name": "token-minter",
      "dependencies": {
        "@metaplex-foundation/mpl-token-metadata": "^3.4.0",
        "@metaplex-foundation/mpl-toolbox": "^0.10.0",
        "@metaplex-foundation/umi": "^1.5.1",
        "@metaplex-foundation/umi-bundle-defaults": "^1.5.1",
        "@solana-program/system": "^0.12.0",
        "@solana-program/token": "^0.13.0",
        "@solana/kit": "^6.7.0",
        "zod": "^4.3.6",
      },
      "devDependencies": {
        "@types/bun": "latest",
      },
      "peerDependencies": {
        "typescript": "^5",
      },
    },
  },
  "packages": {
    "@babel/runtime": ["@babel/runtime@7.29.2", "", {}, "sha512-JiDShH45zKHWyGe4ZNVRrCjBz8Nh9TMmZG1kh4QTK8hCBTWBi8Da+i7s1fJw7/lYpM4ccepSNfqzZ/QvABBi5g=="],

    "@metaplex-foundation/mpl-token-metadata": ["@metaplex-foundation/mpl-token-metadata@3.4.0", "", { "dependencies": { "@metaplex-foundation/mpl-toolbox": "^0.10.0" }, "peerDependencies": { "@metaplex-foundation/umi": ">= 0.8.2 <= 1" } }, "sha512-AxBAYCK73JWxY3g9//z/C9krkR0t1orXZDknUPS4+GjwGH2vgPfsk04yfZ31Htka2AdS9YE/3wH7sMUBHKn9Rg=="],

    "@metaplex-foundation/mpl-toolbox": ["@metaplex-foundation/mpl-toolbox@0.10.0", "", { "peerDependencies": { "@metaplex-foundation/umi": ">= 0.8.2 <= 1" } }, "sha512-84KD1L5cFyw5xnntHwL4uPwfcrkKSiwuDeypiVr92qCUFuF3ZENa2zlFVPu+pQcjTlod2LmEX3MhBmNjRMpdKg=="],

    "@metaplex-foundation/umi": ["@metaplex-foundation/umi@1.5.1", "", { "dependencies": { "@metaplex-foundation/umi-options": "^1.5.1", "@metaplex-foundation/umi-public-keys": "^1.5.1", "@metaplex-foundation/umi-serializers": "^1.5.1" } }, "sha512-ONRv5a0kv+23AMlR8oyFBHnjVg3o3N8pUfFcV4gzbg6OgZf87zHsPWBfED3OTJqx267v1bEn6d6DABXNFq9Z3A=="],

    "@metaplex-foundation/umi-bundle-defaults": ["@metaplex-foundation/umi-bundle-defaults@1.5.1", "", { "dependencies": { "@metaplex-foundation/umi-downloader-http": "^1.5.1", "@metaplex-foundation/umi-eddsa-web3js": "^1.5.1", "@metaplex-foundation/umi-http-fetch": "^1.5.1", "@metaplex-foundation/umi-program-repository": "^1.5.1", "@metaplex-foundation/umi-rpc-chunk-get-accounts": "^1.5.1", "@metaplex-foundation/umi-rpc-web3js": "^1.5.1", "@metaplex-foundation/umi-serializer-data-view": "^1.5.1", "@metaplex-foundation/umi-transaction-factory-web3js": "^1.5.1" }, "peerDependencies": { "@metaplex-foundation/umi": "^1.5.1", "@solana/web3.js": "^1.72.0" } }, "sha512-7qoXenAkQbcj468HGAeLZDyg3eEhcS9rWAnGqjnKgWOlL1czL2Qwho0FEtqOv57IHwAJSTpbHbcvABmdpTjjdw=="],

    "@metaplex-foundation/umi-downloader-http": ["@metaplex-foundation/umi-downloader-http@1.5.1", "", { "peerDependencies": { "@metaplex-foundation/umi": "^1.5.1" } }, "sha512-1s9gSTaDtwELyxBRE6Wmdr3xWeb4Z1uU04dj3Hg8VU+TN6/3wchh93+rIGZT5D3zzdh4+yPxdYV+4ZEr3T5glQ=="],

    "@metaplex-foundation/umi-eddsa-web3js": ["@metaplex-foundation/umi-eddsa-web3js@1.5.1", "", { "dependencies": { "@metaplex-foundation/umi-web3js-adapters": "^1.5.1", "@noble/curves": "^1.0.0", "yaml": "^2.7.0" }, "peerDependencies": { "@metaplex-foundation/umi": "^1.5.1", "@solana/web3.js": "^1.72.0" } }, "sha512-ZlzmXXAa1Ujk00G5TmqXM81J25+k/8sqt0zxBUlLTUSOxzlhxhlUKdErIhpHazbKq+eGck+Onm17oAwVKdKAcw=="],

    "@metaplex-foundation/umi-http-fetch": ["@metaplex-foundation/umi-http-fetch@1.5.1", "", { "dependencies": { "node-fetch": "^2.6.7" }, "peerDependencies": { "@metaplex-foundation/umi": "^1.5.1" } }, "sha512-AOjZJo3Ua4a2FvgA85x5f0TkMSb+13Ao3uLIQ9FbScV42kqZnDox8KjJ7tKm1ZtYDlCYD0pSFMKPOC9NPDnHDg=="],

    "@metaplex-foundation/umi-options": ["@metaplex-foundation/umi-options@1.5.1", "", {}, "sha512-ZE6uXgFA3rElFq4gJxZM2diAqZdFqL65bOnAggwdnnei5XXRzFyNF16wYSqlHnPLvG6ohRHWiXww8d2Mb83xFg=="],

    "@metaplex-foundation/umi-program-repository": ["@metaplex-foundation/umi-program-repository@1.5.1", "", { "peerDependencies": { "@metaplex-foundation/umi": "^1.5.1" } }, "sha512-E5W0IjwFgDGuBTshISbbEh/s8deqxcOzzEjOOlYdMXnevVsfNLwBBIAY4NPJg3v5vpFlKODwUGB5BxCUVthzJg=="],

    "@metaplex-foundation/umi-public-keys": ["@metaplex-foundation/umi-public-keys@1.5.1", "", { "dependencies": { "@metaplex-foundation/umi-serializers-encodings": "^1.5.1" } }, "sha512-joTnI1mRtYRfIaTo98uaYRjBPszsdyHuq0vvd6QbSX+MPvu3enkWi+UicuykEc3VXd5tcGdNMiGSx4jgXG6pkw=="],

    "@metaplex-foundation/umi-rpc-chunk-get-accounts": ["@metaplex-foundation/umi-rpc-chunk-get-accounts@1.5.1", "", { "peerDependencies": { "@metaplex-foundation/umi": "^1.5.1" } }, "sha512-3dnGobT1Xwul7fXzQr8660UHSnFOCWEed4T449oNekrVsHp2o00fdOqjXwo11DYhS1rjm+gbzRSazRKb62uF2Q=="],

    "@metaplex-foundation/umi-rpc-web3js": ["@metaplex-foundation/umi-rpc-web3js@1.5.1", "", { "dependencies": { "@metaplex-foundation/umi-web3js-adapters": "^1.5.1" }, "peerDependencies": { "@metaplex-foundation/umi": "^1.5.1", "@solana/web3.js": "^1.72.0" } }, "sha512-CxHyruh2gW2b/ZOwHFFtooOgtu9hBrOJTd3HUMtD/jpaturApa3itsL/zNt4K34tELzVIUL7N78LDjNpzbu9Kw=="],

    "@metaplex-foundation/umi-serializer-data-view": ["@metaplex-foundation/umi-serializer-data-view@1.5.1", "", { "peerDependencies": { "@metaplex-foundation/umi": "^1.5.1" } }, "sha512-9Wxqk3bGVJ0xNmHhHrOUhdu/90Q1IT3FZRZN4eGckb0sf7Bgls7kBTkFfgXFmUh2VBnE0GnnncXeHKtop5RSFA=="],

    "@metaplex-foundation/umi-serializers": ["@metaplex-foundation/umi-serializers@1.5.1", "", { "dependencies": { "@metaplex-foundation/umi-options": "^1.5.1", "@metaplex-foundation/umi-public-keys": "^1.5.1", "@metaplex-foundation/umi-serializers-core": "^1.5.1", "@metaplex-foundation/umi-serializers-encodings": "^1.5.1", "@metaplex-foundation/umi-serializers-numbers": "^1.5.1" } }, "sha512-scXciBylbJ4iwfxOF1Xx2XiBzoYUD8fSKWTsMal5Rj1hMRDe6b2XZcsBOjio61iAr8aTtFPmKpqxeBdLwmQ0ZQ=="],

    "@metaplex-foundation/umi-serializers-core": ["@metaplex-foundation/umi-serializers-core@1.5.1", "", {}, "sha512-6nYsbTCLq421x7JT1B3/iNgPpSARj/wL9naoKbOreHrk2ip/4R7vQstVRMl0Gx+Hv2tHnEIbFo3JBtWyC377Qw=="],

    "@metaplex-foundation/umi-serializers-encodings": ["@metaplex-foundation/umi-serializers-encodings@1.5.1", "", { "dependencies": { "@metaplex-foundation/umi-serializers-core": "^1.5.1" } }, "sha512-cVvwWmREE/Pmvjvsd50F18P53HDT0vzZECD6uYWIVzxgwpOiRDFu6r/vGbweomHoWzfTvuU6hiKuKv2KsOoXQA=="],

    "@metaplex-foundation/umi-serializers-numbers": ["@metaplex-foundation/umi-serializers-numbers@1.5.1", "", { "dependencies": { "@metaplex-foundation/umi-serializers-core": "^1.5.1" } }, "sha512-7DVF1VJIdT44Pe6qWKaqGu4YVgE10OeLMYpm7C16SujSBgQGB/I2bh8NBifyH2R3oHhoyfE9qgIKB3dgRazN6A=="],

    "@metaplex-foundation/umi-transaction-factory-web3js": ["@metaplex-foundation/umi-transaction-factory-web3js@1.5.1", "", { "dependencies": { "@metaplex-foundation/umi-web3js-adapters": "^1.5.1" }, "peerDependencies": { "@metaplex-foundation/umi": "^1.5.1", "@solana/web3.js": "^1.72.0" } }, "sha512-g4NfvtnmXtH1Q/Y9LdCsFtDRHQZmZWW7uKz+N9a+IVsJTTvpWFALMHm66dFDQGa0ExAYxAj7j6uZH2qDn0zarA=="],

    "@metaplex-foundation/umi-web3js-adapters": ["@metaplex-foundation/umi-web3js-adapters@1.5.1", "", { "dependencies": { "buffer": "^6.0.3" }, "peerDependencies": { "@metaplex-foundation/umi": "^1.5.1", "@solana/web3.js": "^1.72.0" } }, "sha512-6W3JElD0B0EbgHofVKqk4PbP/JDrUHIKWciM7tEuXTDXbuXbSECDe7qlTU0JZXmVZNfYufI6FHnkCfPys2ZnIQ=="],

    "@noble/curves": ["@noble/curves@1.9.7", "", { "dependencies": { "@noble/hashes": "1.8.0" } }, "sha512-gbKGcRUYIjA3/zCCNaWDciTMFI0dCkvou3TL8Zmy5Nc7sJ47a0jtOeZoTaMxkuqRo9cRhjOdZJXegxYE5FN/xw=="],

    "@noble/hashes": ["@noble/hashes@1.8.0", "", {}, "sha512-jCs9ldd7NwzpgXDIf6P3+NrHh9/sD6CQdxHyjQI+h/6rDNo88ypBxxz45UDuZHz9r3tNz7N/VInSVoVdtXEI4A=="],

    "@solana-program/system": ["@solana-program/system@0.12.0", "", { "peerDependencies": { "@solana/kit": "^6.1.0" } }, "sha512-ZnAAWeGVMWNtJhw3GdifI2HnhZ0A0H0qs8tBkcFvxp/8wIavvO+GOM4Jd0N22u2+Lni2zcwvcrxrsxj6Mjphng=="],

    "@solana-program/token": ["@solana-program/token@0.13.0", "", { "dependencies": { "@solana-program/system": "^0.12.0" }, "peerDependencies": { "@solana/kit": "^6.5.0" } }, "sha512-/Apjrd5lwOJGrPB0J5Rv7EBeclvyEBQPAGA85Scm7wBH+GpkbdLDM9uK3TNg8jjFKyWQYai/JtPHbrx7VgFLSg=="],

    "@solana/accounts": ["@solana/accounts@6.7.0", "", { "dependencies": { "@solana/addresses": "6.7.0", "@solana/codecs-core": "6.7.0", "@solana/codecs-strings": "6.7.0", "@solana/errors": "6.7.0", "@solana/rpc-spec": "6.7.0", "@solana/rpc-types": "6.7.0" }, "peerDependencies": { "typescript": "^5.0.0" }, "optionalPeers": ["typescript"] }, "sha512-RNUJtnFKGjr4rdlnj5zUyhZolDl+EC2X5Sw0XAjXCsyp5A0TbymWA/XbyUGw9FYdv2TP1x10lD8TiH/IRo4dlA=="],

    "@solana/addresses": ["@solana/addresses@6.7.0", "", { "dependencies": { "@solana/assertions": "6.7.0", "@solana/codecs-core": "6.7.0", "@solana/codecs-strings": "6.7.0", "@solana/errors": "6.7.0", "@solana/nominal-types": "6.7.0" }, "peerDependencies": { "typescript": "^5.0.0" }, "optionalPeers": ["typescript"] }, "sha512-jmzTxmEXXPDyh1vIJnxjGWxpX1p8DiS201M0yzPynlOf3XhQrk5nfVYw5O/U3+g64pEyOi/W6qbTVAVOov+oVw=="],

    "@solana/assertions": ["@solana/assertions@6.7.0", "", { "dependencies": { "@solana/errors": "6.7.0" }, "peerDependencies": { "typescript": "^5.0.0" }, "optionalPeers": ["typescript"] }, "sha512-/nv3tgZNYmIz2mezzfjQcAUl1QN70lGYqKtR+LWFlKt2Srv0V9ugyerniRInMpuPjb/loVA9UxdPne0hzFt4Uw=="],

    "@solana/buffer-layout": ["@solana/buffer-layout@4.0.1", "", { "dependencies": { "buffer": "~6.0.3" } }, "sha512-E1ImOIAD1tBZFRdjeM4/pzTiTApC0AOBGwyAMS4fwIodCWArzJ3DWdoh8cKxeFM2fElkxBh2Aqts1BPC373rHA=="],

    "@solana/codecs": ["@solana/codecs@6.7.0", "", { "dependencies": { "@solana/codecs-core": "6.7.0", "@solana/codecs-data-structures": "6.7.0", "@solana/codecs-numbers": "6.7.0", "@solana/codecs-strings": "6.7.0", "@solana/options": "6.7.0" }, "peerDependencies": { "typescript": "^5.0.0" }, "optionalPeers": ["typescript"] }, "sha512-1LLDxHMDZj2OqPlSbgQY8uRw+AkvsdPQDJWkn783hzpBtU3oj7whehoqOETtTqbWtF1hK3T/cESz31LTL919pA=="],

    "@solana/codecs-core": ["@solana/codecs-core@6.7.0", "", { "dependencies": { "@solana/errors": "6.7.0" }, "peerDependencies": { "typescript": "^5.0.0" }, "optionalPeers": ["typescript"] }, "sha512-IVBuoFyN8upzJJ/Qg3Wc/Go8XKusZXAjqsglgCLCTgOaS68kb9E9CC2N8cGkqFDb2zJuOqGm80ZBdQaL/T7qiA=="],

    "@solana/codecs-data-structures": ["@solana/codecs-data-structures@6.7.0", "", { "dependencies": { "@solana/codecs-core": "6.7.0", "@solana/codecs-numbers": "6.7.0", "@solana/errors": "6.7.0" }, "peerDependencies": { "typescript": "^5.0.0" }, "optionalPeers": ["typescript"] }, "sha512-n9SUQd5hGLAmYV4fJL6XEEdL5oZ+gfUxPe7rENPAXxw2gwjc4/axV3s251a3duKNJPW0CVwdmMM4tcUxJmmpGw=="],

    "@solana/codecs-numbers": ["@solana/codecs-numbers@2.3.0", "", { "dependencies": { "@solana/codecs-core": "2.3.0", "@solana/errors": "2.3.0" }, "peerDependencies": { "typescript": ">=5.3.3" } }, "sha512-jFvvwKJKffvG7Iz9dmN51OGB7JBcy2CJ6Xf3NqD/VP90xak66m/Lg48T01u5IQ/hc15mChVHiBm+HHuOFDUrQg=="],

    "@solana/codecs-strings": ["@solana/codecs-strings@6.7.0", "", { "dependencies": { "@solana/codecs-core": "6.7.0", "@solana/codecs-numbers": "6.7.0", "@solana/errors": "6.7.0" }, "peerDependencies": { "fastestsmallesttextencoderdecoder": "^1.0.22", "typescript": "^5.0.0" }, "optionalPeers": ["fastestsmallesttextencoderdecoder", "typescript"] }, "sha512-X+vmiHll/8ATjW1GCny5jP5odZXq2f6luUmyMsEuUvBugA8KqFUqb9FezdHDizuWU234im+0iDFMjvvFNt0ROw=="],

    "@solana/errors": ["@solana/errors@6.7.0", "", { "dependencies": { "chalk": "5.6.2", "commander": "14.0.3" }, "peerDependencies": { "typescript": "^5.0.0" }, "optionalPeers": ["typescript"], "bin": { "errors": "bin/cli.mjs" } }, "sha512-wxxo56b2NHcXXXTr/tixpDCa8xzW8v4/gNnDPcctwof21/Jv8qNNyBNgu/xbREuN1SQNthDM5d5c7k/v67uQkw=="],

    "@solana/fast-stable-stringify": ["@solana/fast-stable-stringify@6.7.0", "", { "peerDependencies": { "typescript": "^5.0.0" }, "optionalPeers": ["typescript"] }, "sha512-1RAk+8PDrF1jDiZLbuPNsH6+g2XPR4jiN823ZqXaDcqgSjeCB59mkyH5KNuwhLFIBjxL+IApWdG+JL/H4WJu9g=="],

    "@solana/functional": ["@solana/functional@6.7.0", "", { "peerDependencies": { "typescript": "^5.0.0" }, "optionalPeers": ["typescript"] }, "sha512-RcR+RRJKH43Ko98ru+LKDkjtcs3sHGz26HWL2IyPujni8RH3VsK2hg7HiLqO8Y4R53yzwsn2iZ3D+q8SkYbTpg=="],

    "@solana/instruction-plans": ["@solana/instruction-plans@6.7.0", "", { "dependencies": { "@solana/errors": "6.7.0", "@solana/instructions": "6.7.0", "@solana/keys": "6.7.0", "@solana/promises": "6.7.0", "@solana/transaction-messages": "6.7.0", "@solana/transactions": "6.7.0" }, "peerDependencies": { "typescript": "^5.0.0" }, "optionalPeers": ["typescript"] }, "sha512-JTCPahwY76ojHPW+P+xsT08pr7pZNPxQm6uuRBLRjQXmRaNu5ZENgJHGjm1C/gwOCq9qlzPTR3R2T9I5/88GOA=="],

    "@solana/instructions": ["@solana/instructions@6.7.0", "", { "dependencies": { "@solana/codecs-core": "6.7.0", "@solana/errors": "6.7.0" }, "peerDependencies": { "typescript": "^5.0.0" }, "optionalPeers": ["typescript"] }, "sha512-VlDcmxWXsLPO3BXMxQrv/wHDWz2HZ47XAYIgEJlIvzGYm77GEpawyNQSoPUb6F6zTBuJmn02HW8gvmEBYPqs7w=="],

    "@solana/keys": ["@solana/keys@6.7.0", "", { "dependencies": { "@solana/assertions": "6.7.0", "@solana/codecs-core": "6.7.0", "@solana/codecs-strings": "6.7.0", "@solana/errors": "6.7.0", "@solana/nominal-types": "6.7.0" }, "peerDependencies": { "typescript": "^5.0.0" }, "optionalPeers": ["typescript"] }, "sha512-qyrBOLuluxkI+JamwpfsuwCIgFtapts+TcTeG4w0bxbE9TXJAJKb/CP9JhVt4XgNkW+awX4YTk0itpHOZL5y3Q=="],

    "@solana/kit": ["@solana/kit@6.7.0", "", { "dependencies": { "@solana/accounts": "6.7.0", "@solana/addresses": "6.7.0", "@solana/codecs": "6.7.0", "@solana/errors": "6.7.0", "@solana/functional": "6.7.0", "@solana/instruction-plans": "6.7.0", "@solana/instructions": "6.7.0", "@solana/keys": "6.7.0", "@solana/offchain-messages": "6.7.0", "@solana/plugin-core": "6.7.0", "@solana/plugin-interfaces": "6.7.0", "@solana/program-client-core": "6.7.0", "@solana/programs": "6.7.0", "@solana/rpc": "6.7.0", "@solana/rpc-api": "6.7.0", "@solana/rpc-parsed-types": "6.7.0", "@solana/rpc-spec-types": "6.7.0", "@solana/rpc-subscriptions": "6.7.0", "@solana/rpc-types": "6.7.0", "@solana/signers": "6.7.0", "@solana/sysvars": "6.7.0", "@solana/transaction-confirmation": "6.7.0", "@solana/transaction-messages": "6.7.0", "@solana/transactions": "6.7.0" }, "peerDependencies": { "typescript": "^5.0.0" }, "optionalPeers": ["typescript"] }, "sha512-/N/lkkYSQ4frD2K61jBZenvU92GoETiraCoWlsWe3OzqeJABMToLG3fwTpG/tU5T+ErHNqjmRdAHAQXvSe5muw=="],

    "@solana/nominal-types": ["@solana/nominal-types@6.7.0", "", { "peerDependencies": { "typescript": "^5.0.0" }, "optionalPeers": ["typescript"] }, "sha512-XY+6gF9TzonHiI6VBjtcrEfxT/0KlmF3KRFGSKM5JLEfhs3w+E26op3TOqHuOX7H6llZBgxybaZmXKrvo2rt/w=="],

    "@solana/offchain-messages": ["@solana/offchain-messages@6.7.0", "", { "dependencies": { "@solana/addresses": "6.7.0", "@solana/codecs-core": "6.7.0", "@solana/codecs-data-structures": "6.7.0", "@solana/codecs-numbers": "6.7.0", "@solana/codecs-strings": "6.7.0", "@solana/errors": "6.7.0", "@solana/keys": "6.7.0", "@solana/nominal-types": "6.7.0" }, "peerDependencies": { "typescript": "^5.0.0" }, "optionalPeers": ["typescript"] }, "sha512-c9IDz6hrzkklq0y7fhPXiY973cDILLL3ZIGIZPofEg12s/VxvUIFYseN/syVAQSUkzeYrDywZQLlF6sptAxWdQ=="],

    "@solana/options": ["@solana/options@6.7.0", "", { "dependencies": { "@solana/codecs-core": "6.7.0", "@solana/codecs-data-structures": "6.7.0", "@solana/codecs-numbers": "6.7.0", "@solana/codecs-strings": "6.7.0", "@solana/errors": "6.7.0" }, "peerDependencies": { "typescript": "^5.0.0" }, "optionalPeers": ["typescript"] }, "sha512-B6nmUvfNpW+E6Oq9MtCzI6ExK5b3AJIRqjz+x1RBdA9rUCF6alM/4bjCSoADCZZVCTMts7FJF59r9XZrwONp2w=="],

    "@solana/plugin-core": ["@solana/plugin-core@6.7.0", "", { "peerDependencies": { "typescript": "^5.0.0" }, "optionalPeers": ["typescript"] }, "sha512-tO9PAa9nFxZdrlYYHuG8pP9WbO/Szo1rr2YT2Mpj8PKDDqLsrQ2cCC8GerHbdLOr1s+cE1O7fotbydGDqeC9yQ=="],

    "@solana/plugin-interfaces": ["@solana/plugin-interfaces@6.7.0", "", { "dependencies": { "@solana/addresses": "6.7.0", "@solana/instruction-plans": "6.7.0", "@solana/keys": "6.7.0", "@solana/rpc-spec": "6.7.0", "@solana/rpc-subscriptions-spec": "6.7.0", "@solana/rpc-types": "6.7.0", "@solana/signers": "6.7.0" }, "peerDependencies": { "typescript": "^5.0.0" }, "optionalPeers": ["typescript"] }, "sha512-RVlZEx3gqCsPZ2aQtxRc+8TX0m8LqPFakZn9ceq40WPuZwqE1khx4G82aYSxwJiiZ3HIepMPChRYSG+7tcoRRA=="],

    "@solana/program-client-core": ["@solana/program-client-core@6.7.0", "", { "dependencies": { "@solana/accounts": "6.7.0", "@solana/addresses": "6.7.0", "@solana/codecs-core": "6.7.0", "@solana/errors": "6.7.0", "@solana/instruction-plans": "6.7.0", "@solana/instructions": "6.7.0", "@solana/plugin-interfaces": "6.7.0", "@solana/rpc-api": "6.7.0", "@solana/signers": "6.7.0" }, "peerDependencies": { "typescript": "^5.0.0" }, "optionalPeers": ["typescript"] }, "sha512-/ReQ26eOUjdL26smpv1732H+amGOCAB6dMnCCgaqCxS1pzY6bAfJoS6SU+z4ev8KzF7kAdlZG/f+LrtI74hFyA=="],

    "@solana/programs": ["@solana/programs@6.7.0", "", { "dependencies": { "@solana/addresses": "6.7.0", "@solana/errors": "6.7.0" }, "peerDependencies": { "typescript": "^5.0.0" }, "optionalPeers": ["typescript"] }, "sha512-RbJ9jWRaSGSQgyDyaN2FBXjqb5ussSjmIRgG5SsXehCQeJqb91qVGRpA55x7H6pbIPX5WDIiBgxZTK0nS4ja7Q=="],

    "@solana/promises": ["@solana/promises@6.7.0", "", { "peerDependencies": { "typescript": "^5.0.0" }, "optionalPeers": ["typescript"] }, "sha512-LKdYoYr6KXqSsJ39VjlZ15l+QuCx/bzoug62CShJqud41BUFUTPm7mD5sbV+rc8k0W1+MY8OKFA8G1i7zljw7w=="],

    "@solana/rpc": ["@solana/rpc@6.7.0", "", { "dependencies": { "@solana/errors": "6.7.0", "@solana/fast-stable-stringify": "6.7.0", "@solana/functional": "6.7.0", "@solana/rpc-api": "6.7.0", "@solana/rpc-spec": "6.7.0", "@solana/rpc-spec-types": "6.7.0", "@solana/rpc-transformers": "6.7.0", "@solana/rpc-transport-http": "6.7.0", "@solana/rpc-types": "6.7.0" }, "peerDependencies": { "typescript": "^5.0.0" }, "optionalPeers": ["typescript"] }, "sha512-Z2gE4U4ou8st8CwV1NjoVvVjeEfJi1Xnz5Rs5bd6vIneHyB3UjVk8hHmjNpaYCI/11zdFL1gp4D2tga38pNrHg=="],

    "@solana/rpc-api": ["@solana/rpc-api@6.7.0", "", { "dependencies": { "@solana/addresses": "6.7.0", "@solana/codecs-core": "6.7.0", "@solana/codecs-strings": "6.7.0", "@solana/errors": "6.7.0", "@solana/keys": "6.7.0", "@solana/rpc-parsed-types": "6.7.0", "@solana/rpc-spec": "6.7.0", "@solana/rpc-transformers": "6.7.0", "@solana/rpc-types": "6.7.0", "@solana/transaction-messages": "6.7.0", "@solana/transactions": "6.7.0" }, "peerDependencies": { "typescript": "^5.0.0" }, "optionalPeers": ["typescript"] }, "sha512-Tzz1Mr2ejmLV2vKqPPru51u4EiwOUdMGHgby6j9XKMDBNcLIYPnAJKfIgbTZUJljM/MPFzZSzBGUzmoTo4pqTQ=="],

    "@solana/rpc-parsed-types": ["@solana/rpc-parsed-types@6.7.0", "", { "peerDependencies": { "typescript": "^5.0.0" }, "optionalPeers": ["typescript"] }, "sha512-DwX4O918uAodrJyMh5TmsovOGeXRfF46Qwgbh57ZknFk3whrnahAHnPV9H5uR41hBExfZ/RE4u4IvLySca3Y8g=="],

    "@solana/rpc-spec": ["@solana/rpc-spec@6.7.0", "", { "dependencies": { "@solana/errors": "6.7.0", "@solana/rpc-spec-types": "6.7.0" }, "peerDependencies": { "typescript": "^5.0.0" }, "optionalPeers": ["typescript"] }, "sha512-dCCwZQdWW176fs7Db9qOrCGii7WnIhe+x5DM1p8TFov+4X/4APD4VD5/sgUcTEFKobawYaqrH2f7kk/kMSbE3w=="],

    "@solana/rpc-spec-types": ["@solana/rpc-spec-types@6.7.0", "", { "peerDependencies": { "typescript": "^5.0.0" }, "optionalPeers": ["typescript"] }, "sha512-ohameGNJmtjZm7bIIGSaRIRI2G6Ikx77MfCyi9egxZo+CSS6X8WYQyqibVFjq/5RuFz9KnQp6+o2wOn3UL78sg=="],

    "@solana/rpc-subscriptions": ["@solana/rpc-subscriptions@6.7.0", "", { "dependencies": { "@solana/errors": "6.7.0", "@solana/fast-stable-stringify": "6.7.0", "@solana/functional": "6.7.0", "@solana/promises": "6.7.0", "@solana/rpc-spec-types": "6.7.0", "@solana/rpc-subscriptions-api": "6.7.0", "@solana/rpc-subscriptions-channel-websocket": "6.7.0", "@solana/rpc-subscriptions-spec": "6.7.0", "@solana/rpc-transformers": "6.7.0", "@solana/rpc-types": "6.7.0", "@solana/subscribable": "6.7.0" }, "peerDependencies": { "typescript": "^5.0.0" }, "optionalPeers": ["typescript"] }, "sha512-QocXnamF9fkgRMneApAepFZEX6sqjmFcmNX1h+fx05KKouQRgJ5fMEmV10Ga9DFtdc8CJtOPqYjyYRk2b/ygLQ=="],

    "@solana/rpc-subscriptions-api": ["@solana/rpc-subscriptions-api@6.7.0", "", { "dependencies": { "@solana/addresses": "6.7.0", "@solana/keys": "6.7.0", "@solana/rpc-subscriptions-spec": "6.7.0", "@solana/rpc-transformers": "6.7.0", "@solana/rpc-types": "6.7.0", "@solana/transaction-messages": "6.7.0", "@solana/transactions": "6.7.0" }, "peerDependencies": { "typescript": "^5.0.0" }, "optionalPeers": ["typescript"] }, "sha512-924U8fmFd+5ZkkK5023LWsR//qIkx7TinNxuFEnpbM4x/Yfi2O50xLelnx6hWV+dOJRQSJDzpMoPa3edQXUyQQ=="],

    "@solana/rpc-subscriptions-channel-websocket": ["@solana/rpc-subscriptions-channel-websocket@6.7.0", "", { "dependencies": { "@solana/errors": "6.7.0", "@solana/functional": "6.7.0", "@solana/rpc-subscriptions-spec": "6.7.0", "@solana/subscribable": "6.7.0", "ws": "^8.19.0" }, "peerDependencies": { "typescript": "^5.0.0" }, "optionalPeers": ["typescript"] }, "sha512-QlyqG31WCZtHrRinxeysNpmWOUJ8dYVl6/IKDACSH8QwlTmKkeIi/U197RfZ24ul+nDQ/arrVBp3wBFWVK8MWg=="],

    "@solana/rpc-subscriptions-spec": ["@solana/rpc-subscriptions-spec@6.7.0", "", { "dependencies": { "@solana/errors": "6.7.0", "@solana/promises": "6.7.0", "@solana/rpc-spec-types": "6.7.0", "@solana/subscribable": "6.7.0" }, "peerDependencies": { "typescript": "^5.0.0" }, "optionalPeers": ["typescript"] }, "sha512-F+zK+l3INGGzrKN5+4VV8wemS18IvNYtr43h05VMwPF4qcibR+RnAxZ0Eq6FiCjQ+nF8dA5lE1eQxkkLoNxThQ=="],

    "@solana/rpc-transformers": ["@solana/rpc-transformers@6.7.0", "", { "dependencies": { "@solana/errors": "6.7.0", "@solana/functional": "6.7.0", "@solana/nominal-types": "6.7.0", "@solana/rpc-spec-types": "6.7.0", "@solana/rpc-types": "6.7.0" }, "peerDependencies": { "typescript": "^5.0.0" }, "optionalPeers": ["typescript"] }, "sha512-0kKwDbvYRfc5jvppqdkgxI620qF/rxnfayR0XLvdu4W+mOKMNEbBccBzrMqwm0tjVWGRgRHtpQtZ7t9fKWDX8A=="],

    "@solana/rpc-transport-http": ["@solana/rpc-transport-http@6.7.0", "", { "dependencies": { "@solana/errors": "6.7.0", "@solana/rpc-spec": "6.7.0", "@solana/rpc-spec-types": "6.7.0", "undici-types": "^7.22.0" }, "peerDependencies": { "typescript": "^5.0.0" }, "optionalPeers": ["typescript"] }, "sha512-FDj6y+LT+TY5cn4bgYjZss73vqqThc60P7CLSDUqYzTtqNE+IfEe7h6pmP4oJvOVWr6sWwYICHkgD3x2BFtPZA=="],

    "@solana/rpc-types": ["@solana/rpc-types@6.7.0", "", { "dependencies": { "@solana/addresses": "6.7.0", "@solana/codecs-core": "6.7.0", "@solana/codecs-numbers": "6.7.0", "@solana/codecs-strings": "6.7.0", "@solana/errors": "6.7.0", "@solana/nominal-types": "6.7.0" }, "peerDependencies": { "typescript": "^5.0.0" }, "optionalPeers": ["typescript"] }, "sha512-M5F1ommNsp/aNWZIDUdboOHAftrPaUH6wcho71bIh3WaTVAtk2vYyyTaow+lX5sI3psVE/XB8f2WVcKH+p1TIA=="],

    "@solana/signers": ["@solana/signers@6.7.0", "", { "dependencies": { "@solana/addresses": "6.7.0", "@solana/codecs-core": "6.7.0", "@solana/errors": "6.7.0", "@solana/instructions": "6.7.0", "@solana/keys": "6.7.0", "@solana/nominal-types": "6.7.0", "@solana/offchain-messages": "6.7.0", "@solana/transaction-messages": "6.7.0", "@solana/transactions": "6.7.0" }, "peerDependencies": { "typescript": "^5.0.0" }, "optionalPeers": ["typescript"] }, "sha512-r2cFkxJFf7AjxXkZL0aXbiipscis7xzs1acmZzD2pgy7w7Hz6bw1w3lWihYL/pgjprYafnpH7XG36jJzKF0+WA=="],

    "@solana/subscribable": ["@solana/subscribable@6.7.0", "", { "dependencies": { "@solana/errors": "6.7.0" }, "peerDependencies": { "typescript": "^5.0.0" }, "optionalPeers": ["typescript"] }, "sha512-cAEM3u8Z9qTjWwMEZ75tMRoFWArPnseP3INz0FM8FxsjD5uxZ5rH6H0uPfUBBiI/n+pqdkmQMX39hmdXE39hXQ=="],

    "@solana/sysvars": ["@solana/sysvars@6.7.0", "", { "dependencies": { "@solana/accounts": "6.7.0", "@solana/codecs-core": "6.7.0", "@solana/codecs-data-structures": "6.7.0", "@solana/codecs-numbers": "6.7.0", "@solana/errors": "6.7.0", "@solana/rpc-types": "6.7.0" }, "peerDependencies": { "typescript": "^5.0.0" }, "optionalPeers": ["typescript"] }, "sha512-TDMmDh1Nq/F0B0IN6P/eujx96oLo9n794jn7ZAT+a7cSrMM9QtxPXvEaW8cqp0cB6lWWkKolPfPSOilZK74WcQ=="],

    "@solana/transaction-confirmation": ["@solana/transaction-confirmation@6.7.0", "", { "dependencies": { "@solana/addresses": "6.7.0", "@solana/codecs-strings": "6.7.0", "@solana/errors": "6.7.0", "@solana/keys": "6.7.0", "@solana/promises": "6.7.0", "@solana/rpc": "6.7.0", "@solana/rpc-subscriptions": "6.7.0", "@solana/rpc-types": "6.7.0", "@solana/transaction-messages": "6.7.0", "@solana/transactions": "6.7.0" }, "peerDependencies": { "typescript": "^5.0.0" }, "optionalPeers": ["typescript"] }, "sha512-yalZYuOQDvLpRftcxdKYRbPkEjPRNZ1pFavdpj4TWPQryYbq86xgxJmvP2GW8UnCIBEp42PucbdHXuXM33Cx+A=="],

    "@solana/transaction-messages": ["@solana/transaction-messages@6.7.0", "", { "dependencies": { "@solana/addresses": "6.7.0", "@solana/codecs-core": "6.7.0", "@solana/codecs-data-structures": "6.7.0", "@solana/codecs-numbers": "6.7.0", "@solana/errors": "6.7.0", "@solana/functional": "6.7.0", "@solana/instructions": "6.7.0", "@solana/nominal-types": "6.7.0", "@solana/rpc-types": "6.7.0" }, "peerDependencies": { "typescript": "^5.0.0" }, "optionalPeers": ["typescript"] }, "sha512-sbr26okH0DNrufhMMegMyqL1z1+ISXn/NcIWeEh7xXiMUGZlWL1z045PrRdqD2qTkMh8c474DBEzfGWj8AiQOA=="],

    "@solana/transactions": ["@solana/transactions@6.7.0", "", { "dependencies": { "@solana/addresses": "6.7.0", "@solana/codecs-core": "6.7.0", "@solana/codecs-data-structures": "6.7.0", "@solana/codecs-numbers": "6.7.0", "@solana/codecs-strings": "6.7.0", "@solana/errors": "6.7.0", "@solana/functional": "6.7.0", "@solana/instructions": "6.7.0", "@solana/keys": "6.7.0", "@solana/nominal-types": "6.7.0", "@solana/rpc-types": "6.7.0", "@solana/transaction-messages": "6.7.0" }, "peerDependencies": { "typescript": "^5.0.0" }, "optionalPeers": ["typescript"] }, "sha512-4qiVyr2VfJdjmKg9aLA+nulHaoNLOEBr2f6+aWDQIuRMNiaYHLwXQ2BzfVROtou1TuUrdO9R6JGwI/C477bW4g=="],

    "@solana/web3.js": ["@solana/web3.js@1.98.4", "", { "dependencies": { "@babel/runtime": "^7.25.0", "@noble/curves": "^1.4.2", "@noble/hashes": "^1.4.0", "@solana/buffer-layout": "^4.0.1", "@solana/codecs-numbers": "^2.1.0", "agentkeepalive": "^4.5.0", "bn.js": "^5.2.1", "borsh": "^0.7.0", "bs58": "^4.0.1", "buffer": "6.0.3", "fast-stable-stringify": "^1.0.0", "jayson": "^4.1.1", "node-fetch": "^2.7.0", "rpc-websockets": "^9.0.2", "superstruct": "^2.0.2" } }, "sha512-vv9lfnvjUsRiq//+j5pBdXig0IQdtzA0BRZ3bXEP4KaIyF1CcaydWqgyzQgfZMNIsWNWmG+AUHwPy4AHOD6gpw=="],

    "@swc/helpers": ["@swc/helpers@0.5.21", "", { "dependencies": { "tslib": "^2.8.0" } }, "sha512-jI/VAmtdjB/RnI8GTnokyX7Ug8c+g+ffD6QRLa6XQewtnGyukKkKSk3wLTM3b5cjt1jNh9x0jfVlagdN2gDKQg=="],

    "@types/bun": ["@types/bun@1.3.11", "", { "dependencies": { "bun-types": "1.3.11" } }, "sha512-5vPne5QvtpjGpsGYXiFyycfpDF2ECyPcTSsFBMa0fraoxiQyMJ3SmuQIGhzPg2WJuWxVBoxWJ2kClYTcw/4fAg=="],

    "@types/connect": ["@types/connect@3.4.38", "", { "dependencies": { "@types/node": "*" } }, "sha512-K6uROf1LD88uDQqJCktA4yzL1YYAK6NgfsI0v/mTgyPKWsX1CnJ0XPSDhViejru1GcRkLWb8RlzFYJRqGUbaug=="],

    "@types/node": ["@types/node@25.5.0", "", { "dependencies": { "undici-types": "~7.18.0" } }, "sha512-jp2P3tQMSxWugkCUKLRPVUpGaL5MVFwF8RDuSRztfwgN1wmqJeMSbKlnEtQqU8UrhTmzEmZdu2I6v2dpp7XIxw=="],

    "@types/uuid": ["@types/uuid@10.0.0", "", {}, "sha512-7gqG38EyHgyP1S+7+xomFtL+ZNHcKv6DwNaCZmJmo1vgMugyF3TCnXVg4t1uk89mLNwnLtnY3TpOpCOyp1/xHQ=="],

    "@types/ws": ["@types/ws@7.4.7", "", { "dependencies": { "@types/node": "*" } }, "sha512-JQbbmxZTZehdc2iszGKs5oC3NFnjeay7mtAWrdt7qNtAVK0g19muApzAy4bm9byz79xa2ZnO/BOBC2R8RC5Lww=="],

    "agentkeepalive": ["agentkeepalive@4.6.0", "", { "dependencies": { "humanize-ms": "^1.2.1" } }, "sha512-kja8j7PjmncONqaTsB8fQ+wE2mSU2DJ9D4XKoJ5PFWIdRMa6SLSN1ff4mOr4jCbfRSsxR4keIiySJU0N9T5hIQ=="],

    "base-x": ["base-x@3.0.11", "", { "dependencies": { "safe-buffer": "^5.0.1" } }, "sha512-xz7wQ8xDhdyP7tQxwdteLYeFfS68tSMNCZ/Y37WJ4bhGfKPpqEIlmIyueQHqOyoPhE6xNUqjzRr8ra0eF9VRvA=="],

    "base64-js": ["base64-js@1.5.1", "", {}, "sha512-AKpaYlHn8t4SVbOHCy+b5+KKgvR4vrsD8vbvrbiQJps7fKDTkjkDry6ji0rUJjC0kzbNePLwzxq8iypo41qeWA=="],

    "bn.js": ["bn.js@5.2.3", "", {}, "sha512-EAcmnPkxpntVL+DS7bO1zhcZNvCkxqtkd0ZY53h06GNQ3DEkkGZ/gKgmDv6DdZQGj9BgfSPKtJJ7Dp1GPP8f7w=="],

    "borsh": ["borsh@0.7.0", "", { "dependencies": { "bn.js": "^5.2.0", "bs58": "^4.0.0", "text-encoding-utf-8": "^1.0.2" } }, "sha512-CLCsZGIBCFnPtkNnieW/a8wmreDmfUtjU2m9yHrzPXIlNbqVs0AQrSatSG6vdNYUqdc83tkQi2eHfF98ubzQLA=="],

    "bs58": ["bs58@4.0.1", "", { "dependencies": { "base-x": "^3.0.2" } }, "sha512-Ok3Wdf5vOIlBrgCvTq96gBkJw+JUEzdBgyaza5HLtPm7yTHkjRy8+JzNyHF7BHa0bNWOQIp3m5YF0nnFcOIKLw=="],

    "buffer": ["buffer@6.0.3", "", { "dependencies": { "base64-js": "^1.3.1", "ieee754": "^1.2.1" } }, "sha512-FTiCpNxtwiZZHEZbcbTIcZjERVICn9yq/pDFkTl95/AxzD1naBctN7YO68riM/gLSDY7sdrMby8hofADYuuqOA=="],

    "bufferutil": ["bufferutil@4.1.0", "", { "dependencies": { "node-gyp-build": "^4.3.0" } }, "sha512-ZMANVnAixE6AWWnPzlW2KpUrxhm9woycYvPOo67jWHyFowASTEd9s+QN1EIMsSDtwhIxN4sWE1jotpuDUIgyIw=="],

    "bun-types": ["bun-types@1.3.11", "", { "dependencies": { "@types/node": "*" } }, "sha512-1KGPpoxQWl9f6wcZh57LvrPIInQMn2TQ7jsgxqpRzg+l0QPOFvJVH7HmvHo/AiPgwXy+/Thf6Ov3EdVn1vOabg=="],

    "chalk": ["chalk@5.6.2", "", {}, "sha512-7NzBL0rN6fMUW+f7A6Io4h40qQlG+xGmtMxfbnH/K7TAtt8JQWVQK+6g0UXKMeVJoyV5EkkNsErQ8pVD3bLHbA=="],

    "commander": ["commander@14.0.3", "", {}, "sha512-H+y0Jo/T1RZ9qPP4Eh1pkcQcLRglraJaSLoyOtHxu6AapkjWVCy2Sit1QQ4x3Dng8qDlSsZEet7g5Pq06MvTgw=="],

    "delay": ["delay@5.0.0", "", {}, "sha512-ReEBKkIfe4ya47wlPYf/gu5ib6yUG0/Aez0JQZQz94kiWtRQvZIQbTiehsnwHvLSWJnQdhVeqYue7Id1dKr0qw=="],

    "es6-promise": ["es6-promise@4.2.8", "", {}, "sha512-HJDGx5daxeIvxdBxvG2cb9g4tEvwIk3i8+nhX0yGrYmZUzbkdg8QbDevheDB8gd0//uPj4c1EQua8Q+MViT0/w=="],

    "es6-promisify": ["es6-promisify@5.0.0", "", { "dependencies": { "es6-promise": "^4.0.3" } }, "sha512-C+d6UdsYDk0lMebHNR4S2NybQMMngAOnOwYBQjTOiv0MkoJMP0Myw2mgpDLBcpfCmRLxyFqYhS/CfOENq4SJhQ=="],

    "eventemitter3": ["eventemitter3@5.0.4", "", {}, "sha512-mlsTRyGaPBjPedk6Bvw+aqbsXDtoAyAzm5MO7JgU+yVRyMQ5O8bD4Kcci7BS85f93veegeCPkL8R4GLClnjLFw=="],

    "eyes": ["eyes@0.1.8", "", {}, "sha512-GipyPsXO1anza0AOZdy69Im7hGFCNB7Y/NGjDlZGJ3GJJLtwNSb2vrzYrTYJRrRloVx7pl+bhUaTB8yiccPvFQ=="],

    "fast-stable-stringify": ["fast-stable-stringify@1.0.0", "", {}, "sha512-wpYMUmFu5f00Sm0cj2pfivpmawLZ0NKdviQ4w9zJeR8JVtOpOxHmLaJuj0vxvGqMJQWyP/COUkF75/57OKyRag=="],

    "humanize-ms": ["humanize-ms@1.2.1", "", { "dependencies": { "ms": "^2.0.0" } }, "sha512-Fl70vYtsAFb/C06PTS9dZBo7ihau+Tu/DNCk/OyHhea07S+aeMWpFFkUaXRa8fI+ScZbEI8dfSxwY7gxZ9SAVQ=="],

    "ieee754": ["ieee754@1.2.1", "", {}, "sha512-dcyqhDvX1C46lXZcVqCpK+FtMRQVdIMN6/Df5js2zouUsqG7I6sFxitIC+7KYK29KdXOLHdu9zL4sFnoVQnqaA=="],

    "isomorphic-ws": ["isomorphic-ws@4.0.1", "", { "peerDependencies": { "ws": "*" } }, "sha512-BhBvN2MBpWTaSHdWRb/bwdZJ1WaehQ2L1KngkCkfLUGF0mAWAT1sQUQacEmQ0jXkFw/czDXPNQSL5u2/Krsz1w=="],

    "jayson": ["jayson@4.3.0", "", { "dependencies": { "@types/connect": "^3.4.33", "@types/node": "^12.12.54", "@types/ws": "^7.4.4", "commander": "^2.20.3", "delay": "^5.0.0", "es6-promisify": "^5.0.0", "eyes": "^0.1.8", "isomorphic-ws": "^4.0.1", "json-stringify-safe": "^5.0.1", "stream-json": "^1.9.1", "uuid": "^8.3.2", "ws": "^7.5.10" }, "bin": { "jayson": "bin/jayson.js" } }, "sha512-AauzHcUcqs8OBnCHOkJY280VaTiCm57AbuO7lqzcw7JapGj50BisE3xhksye4zlTSR1+1tAz67wLTl8tEH1obQ=="],

    "json-stringify-safe": ["json-stringify-safe@5.0.1", "", {}, "sha512-ZClg6AaYvamvYEE82d3Iyd3vSSIjQ+odgjaTzRuO3s7toCdFKczob2i0zCh7JE8kWn17yvAWhUVxvqGwUalsRA=="],

    "ms": ["ms@2.1.3", "", {}, "sha512-6FlzubTLZG3J2a/NVCAleEhjzq5oxgHyaCU9yYXvcLsvoVaHJq/s5xXI6/XXP6tz7R9xAOtHnSO/tXtF3WRTlA=="],

    "node-fetch": ["node-fetch@2.7.0", "", { "dependencies": { "whatwg-url": "^5.0.0" }, "peerDependencies": { "encoding": "^0.1.0" }, "optionalPeers": ["encoding"] }, "sha512-c4FRfUm/dbcWZ7U+1Wq0AwCyFL+3nt2bEw05wfxSz+DWpWsitgmSgYmy2dQdWyKC1694ELPqMs/YzUSNozLt8A=="],

    "node-gyp-build": ["node-gyp-build@4.8.4", "", { "bin": { "node-gyp-build": "bin.js", "node-gyp-build-optional": "optional.js", "node-gyp-build-test": "build-test.js" } }, "sha512-LA4ZjwlnUblHVgq0oBF3Jl/6h/Nvs5fzBLwdEF4nuxnFdsfajde4WfxtJr3CaiH+F6ewcIB/q4jQ4UzPyid+CQ=="],

    "rpc-websockets": ["rpc-websockets@9.3.7", "", { "dependencies": { "@swc/helpers": "^0.5.11", "@types/uuid": "^10.0.0", "@types/ws": "^8.2.2", "buffer": "^6.0.3", "eventemitter3": "^5.0.1", "uuid": "^11.0.0", "ws": "^8.5.0" }, "optionalDependencies": { "bufferutil": "^4.0.1", "utf-8-validate": "^6.0.0" } }, "sha512-dQal1U0yKH2umW0DgqSecP4G1jNxyPUGY60uUMB8bLoXabC2aWT3Cag9hOhZXsH/52QJEcggxNNWhF+Fp48ykw=="],

    "safe-buffer": ["safe-buffer@5.2.1", "", {}, "sha512-rp3So07KcdmmKbGvgaNxQSJr7bGVSVk5S9Eq1F+ppbRo70+YeaDxkw5Dd8NPN+GD6bjnYm2VuPuCXmpuYvmCXQ=="],

    "stream-chain": ["stream-chain@2.2.5", "", {}, "sha512-1TJmBx6aSWqZ4tx7aTpBDXK0/e2hhcNSTV8+CbFJtDjbb+I1mZ8lHit0Grw9GRT+6JbIrrDd8esncgBi8aBXGA=="],

    "stream-json": ["stream-json@1.9.1", "", { "dependencies": { "stream-chain": "^2.2.5" } }, "sha512-uWkjJ+2Nt/LO9Z/JyKZbMusL8Dkh97uUBTv3AJQ74y07lVahLY4eEFsPsE97pxYBwr8nnjMAIch5eqI0gPShyw=="],

    "superstruct": ["superstruct@2.0.2", "", {}, "sha512-uV+TFRZdXsqXTL2pRvujROjdZQ4RAlBUS5BTh9IGm+jTqQntYThciG/qu57Gs69yjnVUSqdxF9YLmSnpupBW9A=="],

    "text-encoding-utf-8": ["text-encoding-utf-8@1.0.2", "", {}, "sha512-8bw4MY9WjdsD2aMtO0OzOCY3pXGYNx2d2FfHRVUKkiCPDWjKuOlhLVASS+pD7VkLTVjW268LYJHwsnPFlBpbAg=="],

    "tr46": ["tr46@0.0.3", "", {}, "sha512-N3WMsuqV66lT30CrXNbEjx4GEwlow3v6rr4mCcv6prnfwhS01rkgyFdjPNBYd9br7LpXV1+Emh01fHnq2Gdgrw=="],

    "tslib": ["tslib@2.8.1", "", {}, "sha512-oJFu94HQb+KVduSUQL7wnpmqnfmLsOA/nAh6b6EH0wCEoK0/mPeXU6c3wKDV83MkOuHPRHtSXKKU99IBazS/2w=="],

    "typescript": ["typescript@5.9.3", "", { "bin": { "tsc": "bin/tsc", "tsserver": "bin/tsserver" } }, "sha512-jl1vZzPDinLr9eUt3J/t7V6FgNEw9QjvBPdysz9KfQDD41fQrC2Y4vKQdiaUpFT4bXlb1RHhLpp8wtm6M5TgSw=="],

    "undici-types": ["undici-types@7.18.2", "", {}, "sha512-AsuCzffGHJybSaRrmr5eHr81mwJU3kjw6M+uprWvCXiNeN9SOGwQ3Jn8jb8m3Z6izVgknn1R0FTCEAP2QrLY/w=="],

    "utf-8-validate": ["utf-8-validate@6.0.6", "", { "dependencies": { "node-gyp-build": "^4.3.0" } }, "sha512-q3l3P9UtEEiAHcsgsqTgf9PPjctrDWoIXW3NpOHFdRDbLvu4DLIcxHangJ4RLrWkBcKjmcs/6NkerI8T/rE4LA=="],

    "uuid": ["uuid@8.3.2", "", { "bin": { "uuid": "dist/bin/uuid" } }, "sha512-+NYs2QeMWy+GWFOEm9xnn6HCDp0l7QBD7ml8zLUmJ+93Q5NF0NocErnwkTkXVFNiX3/fpC6afS8Dhb/gz7R7eg=="],

    "webidl-conversions": ["webidl-conversions@3.0.1", "", {}, "sha512-2JAn3z8AR6rjK8Sm8orRC0h/bcl/DqL7tRPdGZ4I1CjdF+EaMLmYxBHyXuKL849eucPFhvBoxMsflfOb8kxaeQ=="],

    "whatwg-url": ["whatwg-url@5.0.0", "", { "dependencies": { "tr46": "~0.0.3", "webidl-conversions": "^3.0.0" } }, "sha512-saE57nupxk6v3HY35+jzBwYa0rKSy0XR8JSxZPwgLr7ys0IBzhGviA1/TUGJLmSVqs8pb9AnvICXEuOHLprYTw=="],

    "ws": ["ws@7.5.10", "", { "peerDependencies": { "bufferutil": "^4.0.1", "utf-8-validate": "^5.0.2" }, "optionalPeers": ["bufferutil", "utf-8-validate"] }, "sha512-+dbF1tHwZpXcbOJdVOkzLDxZP1ailvSxM6ZweXTegylPny803bFhA+vqBYw4s31NSAk4S2Qz+AKXK9a4wkdjcQ=="],

    "yaml": ["yaml@2.8.3", "", { "bin": { "yaml": "bin.mjs" } }, "sha512-AvbaCLOO2Otw/lW5bmh9d/WEdcDFdQp2Z2ZUH3pX9U2ihyUY0nvLv7J6TrWowklRGPYbB/IuIMfYgxaCPg5Bpg=="],

    "zod": ["zod@4.3.6", "", {}, "sha512-rftlrkhHZOcjDwkGlnUtZZkvaPHCsDATp4pGpuOOMDaTdDDXF91wuVDJoWoPsKX/3YPQ5fHuF3STjcYyKr+Qhg=="],

    "@solana/codecs/@solana/codecs-numbers": ["@solana/codecs-numbers@6.7.0", "", { "dependencies": { "@solana/codecs-core": "6.7.0", "@solana/errors": "6.7.0" }, "peerDependencies": { "typescript": "^5.0.0" }, "optionalPeers": ["typescript"] }, "sha512-bk5b+JXVGoU6AdITBSd48NrCA2RsS8jpbXlyCnDsHJrr84TMJfk1lvFYXnv6DYm8ObdgaqIoQCo8lpvITEFavQ=="],

    "@solana/codecs-data-structures/@solana/codecs-numbers": ["@solana/codecs-numbers@6.7.0", "", { "dependencies": { "@solana/codecs-core": "6.7.0", "@solana/errors": "6.7.0" }, "peerDependencies": { "typescript": "^5.0.0" }, "optionalPeers": ["typescript"] }, "sha512-bk5b+JXVGoU6AdITBSd48NrCA2RsS8jpbXlyCnDsHJrr84TMJfk1lvFYXnv6DYm8ObdgaqIoQCo8lpvITEFavQ=="],

    "@solana/codecs-numbers/@solana/codecs-core": ["@solana/codecs-core@2.3.0", "", { "dependencies": { "@solana/errors": "2.3.0" }, "peerDependencies": { "typescript": ">=5.3.3" } }, "sha512-oG+VZzN6YhBHIoSKgS5ESM9VIGzhWjEHEGNPSibiDTxFhsFWxNaz8LbMDPjBUE69r9wmdGLkrQ+wVPbnJcZPvw=="],

    "@solana/codecs-numbers/@solana/errors": ["@solana/errors@2.3.0", "", { "dependencies": { "chalk": "^5.4.1", "commander": "^14.0.0" }, "peerDependencies": { "typescript": ">=5.3.3" }, "bin": { "errors": "bin/cli.mjs" } }, "sha512-66RI9MAbwYV0UtP7kGcTBVLxJgUxoZGm8Fbc0ah+lGiAw17Gugco6+9GrJCV83VyF2mDWyYnYM9qdI3yjgpnaQ=="],

    "@solana/codecs-strings/@solana/codecs-numbers": ["@solana/codecs-numbers@6.7.0", "", { "dependencies": { "@solana/codecs-core": "6.7.0", "@solana/errors": "6.7.0" }, "peerDependencies": { "typescript": "^5.0.0" }, "optionalPeers": ["typescript"] }, "sha512-bk5b+JXVGoU6AdITBSd48NrCA2RsS8jpbXlyCnDsHJrr84TMJfk1lvFYXnv6DYm8ObdgaqIoQCo8lpvITEFavQ=="],

    "@solana/offchain-messages/@solana/codecs-numbers": ["@solana/codecs-numbers@6.7.0", "", { "dependencies": { "@solana/codecs-core": "6.7.0", "@solana/errors": "6.7.0" }, "peerDependencies": { "typescript": "^5.0.0" }, "optionalPeers": ["typescript"] }, "sha512-bk5b+JXVGoU6AdITBSd48NrCA2RsS8jpbXlyCnDsHJrr84TMJfk1lvFYXnv6DYm8ObdgaqIoQCo8lpvITEFavQ=="],

    "@solana/options/@solana/codecs-numbers": ["@solana/codecs-numbers@6.7.0", "", { "dependencies": { "@solana/codecs-core": "6.7.0", "@solana/errors": "6.7.0" }, "peerDependencies": { "typescript": "^5.0.0" }, "optionalPeers": ["typescript"] }, "sha512-bk5b+JXVGoU6AdITBSd48NrCA2RsS8jpbXlyCnDsHJrr84TMJfk1lvFYXnv6DYm8ObdgaqIoQCo8lpvITEFavQ=="],

    "@solana/rpc-subscriptions-channel-websocket/ws": ["ws@8.20.0", "", { "peerDependencies": { "bufferutil": "^4.0.1", "utf-8-validate": ">=5.0.2" }, "optionalPeers": ["bufferutil", "utf-8-validate"] }, "sha512-sAt8BhgNbzCtgGbt2OxmpuryO63ZoDk/sqaB/znQm94T4fCEsy/yV+7CdC1kJhOU9lboAEU7R3kquuycDoibVA=="],

    "@solana/rpc-transport-http/undici-types": ["undici-types@7.24.7", "", {}, "sha512-XA+gOBkzYD3C74sZowtCLTpgtaCdqZhqCvR6y9LXvrKTt/IVU6bz49T4D+BPi475scshCCkb0IklJRw6T1ZlgQ=="],

    "@solana/rpc-types/@solana/codecs-numbers": ["@solana/codecs-numbers@6.7.0", "", { "dependencies": { "@solana/codecs-core": "6.7.0", "@solana/errors": "6.7.0" }, "peerDependencies": { "typescript": "^5.0.0" }, "optionalPeers": ["typescript"] }, "sha512-bk5b+JXVGoU6AdITBSd48NrCA2RsS8jpbXlyCnDsHJrr84TMJfk1lvFYXnv6DYm8ObdgaqIoQCo8lpvITEFavQ=="],

    "@solana/sysvars/@solana/codecs-numbers": ["@solana/codecs-numbers@6.7.0", "", { "dependencies": { "@solana/codecs-core": "6.7.0", "@solana/errors": "6.7.0" }, "peerDependencies": { "typescript": "^5.0.0" }, "optionalPeers": ["typescript"] }, "sha512-bk5b+JXVGoU6AdITBSd48NrCA2RsS8jpbXlyCnDsHJrr84TMJfk1lvFYXnv6DYm8ObdgaqIoQCo8lpvITEFavQ=="],

    "@solana/transaction-messages/@solana/codecs-numbers": ["@solana/codecs-numbers@6.7.0", "", { "dependencies": { "@solana/codecs-core": "6.7.0", "@solana/errors": "6.7.0" }, "peerDependencies": { "typescript": "^5.0.0" }, "optionalPeers": ["typescript"] }, "sha512-bk5b+JXVGoU6AdITBSd48NrCA2RsS8jpbXlyCnDsHJrr84TMJfk1lvFYXnv6DYm8ObdgaqIoQCo8lpvITEFavQ=="],

    "@solana/transactions/@solana/codecs-numbers": ["@solana/codecs-numbers@6.7.0", "", { "dependencies": { "@solana/codecs-core": "6.7.0", "@solana/errors": "6.7.0" }, "peerDependencies": { "typescript": "^5.0.0" }, "optionalPeers": ["typescript"] }, "sha512-bk5b+JXVGoU6AdITBSd48NrCA2RsS8jpbXlyCnDsHJrr84TMJfk1lvFYXnv6DYm8ObdgaqIoQCo8lpvITEFavQ=="],

    "jayson/@types/node": ["@types/node@12.20.55", "", {}, "sha512-J8xLz7q2OFulZ2cyGTLE1TbbZcjpno7FaN6zdJNrgAdrJ+DZzh/uFR6YrTb4C+nXakvud8Q4+rbhoIWlYQbUFQ=="],

    "jayson/commander": ["commander@2.20.3", "", {}, "sha512-GpVkmM8vF2vQUkj2LvZmD35JxeJOLCwJ9cUkugyk2nuhbv3+mJvpLYYt+0+USMxE+oj+ey/lJEnhZw75x/OMcQ=="],

    "rpc-websockets/@types/ws": ["@types/ws@8.18.1", "", { "dependencies": { "@types/node": "*" } }, "sha512-ThVF6DCVhA8kUGy+aazFQ4kXQ7E1Ty7A3ypFOe0IcJV8O/M511G99AW24irKrW56Wt44yG9+ij8FaqoBGkuBXg=="],

    "rpc-websockets/uuid": ["uuid@11.1.0", "", { "bin": { "uuid": "dist/esm/bin/uuid" } }, "sha512-0/A9rDy9P7cJ+8w1c9WD9V//9Wj15Ce2MPz8Ri6032usz+NfePxx5AcN3bN+r6ZL6jEo066/yNYB3tn4pQEx+A=="],

    "rpc-websockets/ws": ["ws@8.20.0", "", { "peerDependencies": { "bufferutil": "^4.0.1", "utf-8-validate": ">=5.0.2" }, "optionalPeers": ["bufferutil", "utf-8-validate"] }, "sha512-sAt8BhgNbzCtgGbt2OxmpuryO63ZoDk/sqaB/znQm94T4fCEsy/yV+7CdC1kJhOU9lboAEU7R3kquuycDoibVA=="],
  }
}
